
Microsoft Visual Studio Solution File, Format Version 12.00
# Visual Studio Version 17
VisualStudioVersion = 17.9.34728.123
MinimumVisualStudioVersion = 10.0.40219.1
Project("{FAE04EC0-301F-11D3-BF4B-00C04F79EFBC}") = "BBG", "BBG\BBG.csproj", "{A44F1754-6A18-4D0D-8A27-323761CE43E7}"
EndProject
Global
	GlobalSection(SolutionConfigurationPlatforms) = preSolution
		Debug|Any CPU = Debug|Any CPU
		Release|Any CPU = Release|Any CPU
	EndGlobalSection
	GlobalSection(ProjectConfigurationPlatforms) = postSolution
		{A44F1754-6A18-4D0D-8A27-323761CE43E7}.Debug|Any CPU.ActiveCfg = Debug|Any CPU
		{A44F1754-6A18-4D0D-8A27-323761CE43E7}.Debug|Any CPU.Build.0 = Debug|Any CPU
		{A44F1754-6A18-4D0D-8A27-323761CE43E7}.Release|Any CPU.ActiveCfg = Release|Any CPU
		{A44F1754-6A18-4D0D-8A27-323761CE43E7}.Release|Any CPU.Build.0 = Release|Any CPU
	EndGlobalSection
	GlobalSection(SolutionProperties) = preSolution
		HideSolutionNode = FALSE
	EndGlobalSection
	GlobalSection(ExtensibilityGlobals) = postSolution
		SolutionGuid = {21CD4A72-9E39-4CA9-AFB1-577AE500466A}
	EndGlobalSection
EndGlobal
